// !$*UTF8*$!
{
	archiveVersion = 1;
	classes = {
	};
	objectVersion = 55;
	objects = {

/* Begin PBXBuildFile section */
		2A0950CA2793517B00117527 /* AppDelegate.swift in Sources */ = {isa = PBXBuildFile; fileRef = 2A0950C92793517B00117527 /* AppDelegate.swift */; };
		2A0950CC2793517B00117527 /* SceneDelegate.swift in Sources */ = {isa = PBXBuildFile; fileRef = 2A0950CB2793517B00117527 /* SceneDelegate.swift */; };
		2A0950D32793517C00117527 /* Assets.xcassets in Resources */ = {isa = PBXBuildFile; fileRef = 2A0950D22793517C00117527 /* Assets.xcassets */; };
		2A0950D62793517C00117527 /* LaunchScreen.storyboard in Resources */ = {isa = PBXBuildFile; fileRef = 2A0950D42793517C00117527 /* LaunchScreen.storyboard */; };
		2A0950E12793517D00117527 /* DispoAssigmentTests.swift in Sources */ = {isa = PBXBuildFile; fileRef = 2A0950E02793517D00117527 /* DispoAssigmentTests.swift */; };
		2A0950EB2793517D00117527 /* DispoAssigmentUITests.swift in Sources */ = {isa = PBXBuildFile; fileRef = 2A0950EA2793517D00117527 /* DispoAssigmentUITests.swift */; };
		2A0950ED2793517D00117527 /* DispoAssigmentUITestsLaunchTests.swift in Sources */ = {isa = PBXBuildFile; fileRef = 2A0950EC2793517D00117527 /* DispoAssigmentUITestsLaunchTests.swift */; };
		2A0950FA27935DFC00117527 /* GifListViewController.swift in Sources */ = {isa = PBXBuildFile; fileRef = 2A0950F927935DFC00117527 /* GifListViewController.swift */; };
		2A0950FF2793673900117527 /* DetailViewController.swift in Sources */ = {isa = PBXBuildFile; fileRef = 2A0950FE2793673900117527 /* DetailViewController.swift */; };
		2A09510627936E9400117527 /* SnapKit in Frameworks */ = {isa = PBXBuildFile; productRef = 2A09510527936E9400117527 /* SnapKit */; };
		2A0951092793741A00117527 /* GiphyService.swift in Sources */ = {isa = PBXBuildFile; fileRef = 2A0951082793741A00117527 /* GiphyService.swift */; };
		2A09510B2793744C00117527 /* GiphyRepository.swift in Sources */ = {isa = PBXBuildFile; fileRef = 2A09510A2793744C00117527 /* GiphyRepository.swift */; };
		2A09510D2793773400117527 /* Data.swift in Sources */ = {isa = PBXBuildFile; fileRef = 2A09510C2793773400117527 /* Data.swift */; };
		2A09511027937C3000117527 /* Constants.swift in Sources */ = {isa = PBXBuildFile; fileRef = 2A09510F27937C3000117527 /* Constants.swift */; };
		2A0951162793ABA800117527 /* Alamofire in Frameworks */ = {isa = PBXBuildFile; productRef = 2A0951152793ABA800117527 /* Alamofire */; };
		2A09511D2794C1E900117527 /* FakeGiphyRepository.swift in Sources */ = {isa = PBXBuildFile; fileRef = 2A09511C2794C1E900117527 /* FakeGiphyRepository.swift */; };
		2A09511F2794D43700117527 /* GiphyViewCell.swift in Sources */ = {isa = PBXBuildFile; fileRef = 2A09511E2794D43700117527 /* GiphyViewCell.swift */; };
		2A0951272795301000117527 /* UIImageView+Extension.swift in Sources */ = {isa = PBXBuildFile; fileRef = 2A0951262795301000117527 /* UIImageView+Extension.swift */; };
		2A09512B2795AA2A00117527 /* GiphyUISDK in Frameworks */ = {isa = PBXBuildFile; productRef = 2A09512A2795AA2A00117527 /* GiphyUISDK */; };
		2A09513C279E0B9200117527 /* ComposableArchitecture in Frameworks */ = {isa = PBXBuildFile; productRef = 2A09513B279E0B9200117527 /* ComposableArchitecture */; };
		2A095148279E75EF00117527 /* AppCore.swift in Sources */ = {isa = PBXBuildFile; fileRef = 2A095147279E75EF00117527 /* AppCore.swift */; };
		2A09514B279F89BC00117527 /* GifsListCore.swift in Sources */ = {isa = PBXBuildFile; fileRef = 2A09514A279F89BC00117527 /* GifsListCore.swift */; };
		2A09514E279F8BFB00117527 /* DetailGifFeature.swift in Sources */ = {isa = PBXBuildFile; fileRef = 2A09514D279F8BFB00117527 /* DetailGifFeature.swift */; };
		2A09515127A42A8300117527 /* GiphyAPIService.swift in Sources */ = {isa = PBXBuildFile; fileRef = 2A09515027A42A8300117527 /* GiphyAPIService.swift */; };
		2A09515327A42AD400117527 /* GiphiAPIRepository.swift in Sources */ = {isa = PBXBuildFile; fileRef = 2A09515227A42AD400117527 /* GiphiAPIRepository.swift */; };
		2A09515627A4566E00117527 /* GiphySDKService.swift in Sources */ = {isa = PBXBuildFile; fileRef = 2A09515527A4566E00117527 /* GiphySDKService.swift */; };
		2A09515827A456D100117527 /* GiphySDKRespository.swift in Sources */ = {isa = PBXBuildFile; fileRef = 2A09515727A456D100117527 /* GiphySDKRespository.swift */; };
		2A09515A27A4580000117527 /* FakeGiphySDKRepository.swift in Sources */ = {isa = PBXBuildFile; fileRef = 2A09515927A4580000117527 /* FakeGiphySDKRepository.swift */; };
		2A09515C27A459D900117527 /* FakeGiphiAPIRepository.swift in Sources */ = {isa = PBXBuildFile; fileRef = 2A09515B27A459D900117527 /* FakeGiphiAPIRepository.swift */; };
		2AA6C44E27AE016F00027095 /* ViewController.swift in Sources */ = {isa = PBXBuildFile; fileRef = 2AA6C44D27AE016F00027095 /* ViewController.swift */; };
		2AA6C45027AE04C200027095 /* GiftsView.swift in Sources */ = {isa = PBXBuildFile; fileRef = 2AA6C44F27AE04C200027095 /* GiftsView.swift */; };
		2AA6C45227AEFFBB00027095 /* CollectionView.swift in Sources */ = {isa = PBXBuildFile; fileRef = 2AA6C45127AEFFBB00027095 /* CollectionView.swift */; };
		2AA6C45527AF05B600027095 /* CollectionViewItem.swift in Sources */ = {isa = PBXBuildFile; fileRef = 2AA6C45427AF05B600027095 /* CollectionViewItem.swift */; };
		2AA6C45727AF217600027095 /* CollectionViewSection.swift in Sources */ = {isa = PBXBuildFile; fileRef = 2AA6C45627AF217600027095 /* CollectionViewSection.swift */; };
		2AA6C45927AF227700027095 /* CollectionViewSupplementaryItem.swift in Sources */ = {isa = PBXBuildFile; fileRef = 2AA6C45827AF227700027095 /* CollectionViewSupplementaryItem.swift */; };
		2AA6C45B27AF312B00027095 /* CollectionViewDataSource.swift in Sources */ = {isa = PBXBuildFile; fileRef = 2AA6C45A27AF312B00027095 /* CollectionViewDataSource.swift */; };
		2AA6C45E27AF753D00027095 /* Array+Extension.swift in Sources */ = {isa = PBXBuildFile; fileRef = 2AA6C45D27AF753D00027095 /* Array+Extension.swift */; };
		2AA6C46127B031AB00027095 /* GiphyViewCell+Extension.swift in Sources */ = {isa = PBXBuildFile; fileRef = 2AA6C46027B031AB00027095 /* GiphyViewCell+Extension.swift */; };
		2AA6C46427B15A2200027095 /* SearchViewCell.swift in Sources */ = {isa = PBXBuildFile; fileRef = 2AA6C46327B15A2200027095 /* SearchViewCell.swift */; };
		2AA6C46627B1626E00027095 /* SearchViewCell+Extension.swift in Sources */ = {isa = PBXBuildFile; fileRef = 2AA6C46527B1626E00027095 /* SearchViewCell+Extension.swift */; };
		2AD8A7B827C1851D008B6426 /* AppCore+Extension.swift in Sources */ = {isa = PBXBuildFile; fileRef = 2AD8A7B727C1851D008B6426 /* AppCore+Extension.swift */; };
		2AD8A7BA27C185E0008B6426 /* AppViewController.swift in Sources */ = {isa = PBXBuildFile; fileRef = 2AD8A7B927C185E0008B6426 /* AppViewController.swift */; };
		2AD8A7BC27C48DBE008B6426 /* DetailView.swift in Sources */ = {isa = PBXBuildFile; fileRef = 2AD8A7BB27C48DBE008B6426 /* DetailView.swift */; };
/* End PBXBuildFile section */

/* Begin PBXContainerItemProxy section */
		2A0950DD2793517D00117527 /* PBXContainerItemProxy */ = {
			isa = PBXContainerItemProxy;
			containerPortal = 2A0950BE2793517A00117527 /* Project object */;
			proxyType = 1;
			remoteGlobalIDString = 2A0950C52793517A00117527;
			remoteInfo = DispoAssigment;
		};
		2A0950E72793517D00117527 /* PBXContainerItemProxy */ = {
			isa = PBXContainerItemProxy;
			containerPortal = 2A0950BE2793517A00117527 /* Project object */;
			proxyType = 1;
			remoteGlobalIDString = 2A0950C52793517A00117527;
			remoteInfo = DispoAssigment;
		};
/* End PBXContainerItemProxy section */

/* Begin PBXFileReference section */
		2A0950C62793517B00117527 /* DispoAssigment.app */ = {isa = PBXFileReference; explicitFileType = wrapper.application; includeInIndex = 0; path = DispoAssigment.app; sourceTree = BUILT_PRODUCTS_DIR; };
		2A0950C92793517B00117527 /* AppDelegate.swift */ = {isa = PBXFileReference; lastKnownFileType = sourcecode.swift; path = AppDelegate.swift; sourceTree = "<group>"; };
		2A0950CB2793517B00117527 /* SceneDelegate.swift */ = {isa = PBXFileReference; lastKnownFileType = sourcecode.swift; path = SceneDelegate.swift; sourceTree = "<group>"; };
		2A0950D22793517C00117527 /* Assets.xcassets */ = {isa = PBXFileReference; lastKnownFileType = folder.assetcatalog; path = Assets.xcassets; sourceTree = "<group>"; };
		2A0950D52793517C00117527 /* Base */ = {isa = PBXFileReference; lastKnownFileType = file.storyboard; name = Base; path = Base.lproj/LaunchScreen.storyboard; sourceTree = "<group>"; };
		2A0950D72793517C00117527 /* Info.plist */ = {isa = PBXFileReference; lastKnownFileType = text.plist.xml; path = Info.plist; sourceTree = "<group>"; };
		2A0950DC2793517D00117527 /* DispoAssigmentTests.xctest */ = {isa = PBXFileReference; explicitFileType = wrapper.cfbundle; includeInIndex = 0; path = DispoAssigmentTests.xctest; sourceTree = BUILT_PRODUCTS_DIR; };
		2A0950E02793517D00117527 /* DispoAssigmentTests.swift */ = {isa = PBXFileReference; lastKnownFileType = sourcecode.swift; path = DispoAssigmentTests.swift; sourceTree = "<group>"; };
		2A0950E62793517D00117527 /* DispoAssigmentUITests.xctest */ = {isa = PBXFileReference; explicitFileType = wrapper.cfbundle; includeInIndex = 0; path = DispoAssigmentUITests.xctest; sourceTree = BUILT_PRODUCTS_DIR; };
		2A0950EA2793517D00117527 /* DispoAssigmentUITests.swift */ = {isa = PBXFileReference; lastKnownFileType = sourcecode.swift; path = DispoAssigmentUITests.swift; sourceTree = "<group>"; };
		2A0950EC2793517D00117527 /* DispoAssigmentUITestsLaunchTests.swift */ = {isa = PBXFileReference; lastKnownFileType = sourcecode.swift; path = DispoAssigmentUITestsLaunchTests.swift; sourceTree = "<group>"; };
		2A0950F927935DFC00117527 /* GifListViewController.swift */ = {isa = PBXFileReference; lastKnownFileType = sourcecode.swift; path = GifListViewController.swift; sourceTree = "<group>"; };
		2A0950FE2793673900117527 /* DetailViewController.swift */ = {isa = PBXFileReference; lastKnownFileType = sourcecode.swift; path = DetailViewController.swift; sourceTree = "<group>"; };
		2A0951082793741A00117527 /* GiphyService.swift */ = {isa = PBXFileReference; lastKnownFileType = sourcecode.swift; path = GiphyService.swift; sourceTree = "<group>"; };
		2A09510A2793744C00117527 /* GiphyRepository.swift */ = {isa = PBXFileReference; lastKnownFileType = sourcecode.swift; path = GiphyRepository.swift; sourceTree = "<group>"; };
		2A09510C2793773400117527 /* Data.swift */ = {isa = PBXFileReference; lastKnownFileType = sourcecode.swift; path = Data.swift; sourceTree = "<group>"; };
		2A09510F27937C3000117527 /* Constants.swift */ = {isa = PBXFileReference; lastKnownFileType = sourcecode.swift; path = Constants.swift; sourceTree = "<group>"; };
		2A09511C2794C1E900117527 /* FakeGiphyRepository.swift */ = {isa = PBXFileReference; lastKnownFileType = sourcecode.swift; path = FakeGiphyRepository.swift; sourceTree = "<group>"; };
		2A09511E2794D43700117527 /* GiphyViewCell.swift */ = {isa = PBXFileReference; lastKnownFileType = sourcecode.swift; path = GiphyViewCell.swift; sourceTree = "<group>"; };
		2A0951262795301000117527 /* UIImageView+Extension.swift */ = {isa = PBXFileReference; lastKnownFileType = sourcecode.swift; path = "UIImageView+Extension.swift"; sourceTree = "<group>"; };
		2A095147279E75EF00117527 /* AppCore.swift */ = {isa = PBXFileReference; lastKnownFileType = sourcecode.swift; path = AppCore.swift; sourceTree = "<group>"; };
		2A09514A279F89BC00117527 /* GifsListCore.swift */ = {isa = PBXFileReference; lastKnownFileType = sourcecode.swift; path = GifsListCore.swift; sourceTree = "<group>"; };
		2A09514D279F8BFB00117527 /* DetailGifFeature.swift */ = {isa = PBXFileReference; lastKnownFileType = sourcecode.swift; path = DetailGifFeature.swift; sourceTree = "<group>"; };
		2A09515027A42A8300117527 /* GiphyAPIService.swift */ = {isa = PBXFileReference; lastKnownFileType = sourcecode.swift; path = GiphyAPIService.swift; sourceTree = "<group>"; };
		2A09515227A42AD400117527 /* GiphiAPIRepository.swift */ = {isa = PBXFileReference; lastKnownFileType = sourcecode.swift; path = GiphiAPIRepository.swift; sourceTree = "<group>"; };
		2A09515527A4566E00117527 /* GiphySDKService.swift */ = {isa = PBXFileReference; lastKnownFileType = sourcecode.swift; path = GiphySDKService.swift; sourceTree = "<group>"; };
		2A09515727A456D100117527 /* GiphySDKRespository.swift */ = {isa = PBXFileReference; lastKnownFileType = sourcecode.swift; path = GiphySDKRespository.swift; sourceTree = "<group>"; };
		2A09515927A4580000117527 /* FakeGiphySDKRepository.swift */ = {isa = PBXFileReference; lastKnownFileType = sourcecode.swift; path = FakeGiphySDKRepository.swift; sourceTree = "<group>"; };
		2A09515B27A459D900117527 /* FakeGiphiAPIRepository.swift */ = {isa = PBXFileReference; lastKnownFileType = sourcecode.swift; path = FakeGiphiAPIRepository.swift; sourceTree = "<group>"; };
		2AA6C44D27AE016F00027095 /* ViewController.swift */ = {isa = PBXFileReference; lastKnownFileType = sourcecode.swift; path = ViewController.swift; sourceTree = "<group>"; };
		2AA6C44F27AE04C200027095 /* GiftsView.swift */ = {isa = PBXFileReference; lastKnownFileType = sourcecode.swift; path = GiftsView.swift; sourceTree = "<group>"; };
		2AA6C45127AEFFBB00027095 /* CollectionView.swift */ = {isa = PBXFileReference; lastKnownFileType = sourcecode.swift; path = CollectionView.swift; sourceTree = "<group>"; };
		2AA6C45427AF05B600027095 /* CollectionViewItem.swift */ = {isa = PBXFileReference; lastKnownFileType = sourcecode.swift; path = CollectionViewItem.swift; sourceTree = "<group>"; };
		2AA6C45627AF217600027095 /* CollectionViewSection.swift */ = {isa = PBXFileReference; lastKnownFileType = sourcecode.swift; path = CollectionViewSection.swift; sourceTree = "<group>"; };
		2AA6C45827AF227700027095 /* CollectionViewSupplementaryItem.swift */ = {isa = PBXFileReference; lastKnownFileType = sourcecode.swift; path = CollectionViewSupplementaryItem.swift; sourceTree = "<group>"; };
		2AA6C45A27AF312B00027095 /* CollectionViewDataSource.swift */ = {isa = PBXFileReference; lastKnownFileType = sourcecode.swift; path = CollectionViewDataSource.swift; sourceTree = "<group>"; };
		2AA6C45D27AF753D00027095 /* Array+Extension.swift */ = {isa = PBXFileReference; lastKnownFileType = sourcecode.swift; path = "Array+Extension.swift"; sourceTree = "<group>"; };
		2AA6C46027B031AB00027095 /* GiphyViewCell+Extension.swift */ = {isa = PBXFileReference; lastKnownFileType = sourcecode.swift; path = "GiphyViewCell+Extension.swift"; sourceTree = "<group>"; };
		2AA6C46327B15A2200027095 /* SearchViewCell.swift */ = {isa = PBXFileReference; lastKnownFileType = sourcecode.swift; path = SearchViewCell.swift; sourceTree = "<group>"; };
		2AA6C46527B1626E00027095 /* SearchViewCell+Extension.swift */ = {isa = PBXFileReference; lastKnownFileType = sourcecode.swift; path = "SearchViewCell+Extension.swift"; sourceTree = "<group>"; };
		2AD8A7B727C1851D008B6426 /* AppCore+Extension.swift */ = {isa = PBXFileReference; lastKnownFileType = sourcecode.swift; path = "AppCore+Extension.swift"; sourceTree = "<group>"; };
		2AD8A7B927C185E0008B6426 /* AppViewController.swift */ = {isa = PBXFileReference; lastKnownFileType = sourcecode.swift; path = AppViewController.swift; sourceTree = "<group>"; };
		2AD8A7BB27C48DBE008B6426 /* DetailView.swift */ = {isa = PBXFileReference; lastKnownFileType = sourcecode.swift; path = DetailView.swift; sourceTree = "<group>"; };
/* End PBXFileReference section */

/* Begin PBXFrameworksBuildPhase section */
		2A0950C32793517A00117527 /* Frameworks */ = {
			isa = PBXFrameworksBuildPhase;
			buildActionMask = 2147483647;
			files = (
				2A09513C279E0B9200117527 /* ComposableArchitecture in Frameworks */,
				2A09512B2795AA2A00117527 /* GiphyUISDK in Frameworks */,
				2A09510627936E9400117527 /* SnapKit in Frameworks */,
				2A0951162793ABA800117527 /* Alamofire in Frameworks */,
			);
			runOnlyForDeploymentPostprocessing = 0;
		};
		2A0950D92793517D00117527 /* Frameworks */ = {
			isa = PBXFrameworksBuildPhase;
			buildActionMask = 2147483647;
			files = (
			);
			runOnlyForDeploymentPostprocessing = 0;
		};
		2A0950E32793517D00117527 /* Frameworks */ = {
			isa = PBXFrameworksBuildPhase;
			buildActionMask = 2147483647;
			files = (
			);
			runOnlyForDeploymentPostprocessing = 0;
		};
/* End PBXFrameworksBuildPhase section */

/* Begin PBXGroup section */
		2A0950BD2793517A00117527 = {
			isa = PBXGroup;
			children = (
				2A0950C82793517B00117527 /* DispoAssigment */,
				2A0950DF2793517D00117527 /* DispoAssigmentTests */,
				2A0950E92793517D00117527 /* DispoAssigmentUITests */,
				2A0950C72793517B00117527 /* Products */,
			);
			sourceTree = "<group>";
		};
		2A0950C72793517B00117527 /* Products */ = {
			isa = PBXGroup;
			children = (
				2A0950C62793517B00117527 /* DispoAssigment.app */,
				2A0950DC2793517D00117527 /* DispoAssigmentTests.xctest */,
				2A0950E62793517D00117527 /* DispoAssigmentUITests.xctest */,
			);
			name = Products;
			sourceTree = "<group>";
		};
		2A0950C82793517B00117527 /* DispoAssigment */ = {
			isa = PBXGroup;
			children = (
				2A09514C279F8BE300117527 /* DetailGif */,
				2A095149279F899000117527 /* Gifs */,
				2A095146279E75B700117527 /* App */,
				2A09510E27937C2300117527 /* Utils */,
				2A095107279373F800117527 /* Networking */,
				2A0950FD27935EE300117527 /* Model */,
				2A0950C92793517B00117527 /* AppDelegate.swift */,
				2A0950CB2793517B00117527 /* SceneDelegate.swift */,
				2A0950D22793517C00117527 /* Assets.xcassets */,
				2A0950D42793517C00117527 /* LaunchScreen.storyboard */,
				2A0950D72793517C00117527 /* Info.plist */,
			);
			path = DispoAssigment;
			sourceTree = "<group>";
		};
		2A0950DF2793517D00117527 /* DispoAssigmentTests */ = {
			isa = PBXGroup;
			children = (
				2A0950E02793517D00117527 /* DispoAssigmentTests.swift */,
			);
			path = DispoAssigmentTests;
			sourceTree = "<group>";
		};
		2A0950E92793517D00117527 /* DispoAssigmentUITests */ = {
			isa = PBXGroup;
			children = (
				2A0950EA2793517D00117527 /* DispoAssigmentUITests.swift */,
				2A0950EC2793517D00117527 /* DispoAssigmentUITestsLaunchTests.swift */,
			);
			path = DispoAssigmentUITests;
			sourceTree = "<group>";
		};
		2A0950FD27935EE300117527 /* Model */ = {
			isa = PBXGroup;
			children = (
				2A09510C2793773400117527 /* Data.swift */,
			);
			path = Model;
			sourceTree = "<group>";
		};
		2A095107279373F800117527 /* Networking */ = {
			isa = PBXGroup;
			children = (
				2A09515427A4564E00117527 /* GipgySDK */,
				2A09514F27A42A5D00117527 /* GiphyAPI */,
				2A0951082793741A00117527 /* GiphyService.swift */,
				2A09510A2793744C00117527 /* GiphyRepository.swift */,
				2A09511C2794C1E900117527 /* FakeGiphyRepository.swift */,
			);
			path = Networking;
			sourceTree = "<group>";
		};
		2A09510E27937C2300117527 /* Utils */ = {
			isa = PBXGroup;
			children = (
				2AD8A7B627C18468008B6426 /* Views */,
				2AA6C45C27AF752200027095 /* Extensions */,
				2A09510F27937C3000117527 /* Constants.swift */,
			);
			path = Utils;
			sourceTree = "<group>";
		};
		2A095146279E75B700117527 /* App */ = {
			isa = PBXGroup;
			children = (
				2A095147279E75EF00117527 /* AppCore.swift */,
				2AD8A7B727C1851D008B6426 /* AppCore+Extension.swift */,
				2AD8A7B927C185E0008B6426 /* AppViewController.swift */,
			);
			path = App;
			sourceTree = "<group>";
		};
		2A095149279F899000117527 /* Gifs */ = {
			isa = PBXGroup;
			children = (
				2AA6C46227B1599000027095 /* SearchCell */,
				2AA6C45F27B0318600027095 /* GiphyCell */,
				2A09514A279F89BC00117527 /* GifsListCore.swift */,
				2A0950F927935DFC00117527 /* GifListViewController.swift */,
				2AA6C44F27AE04C200027095 /* GiftsView.swift */,
			);
			path = Gifs;
			sourceTree = "<group>";
		};
		2A09514C279F8BE300117527 /* DetailGif */ = {
			isa = PBXGroup;
			children = (
				2A09514D279F8BFB00117527 /* DetailGifFeature.swift */,
				2A0950FE2793673900117527 /* DetailViewController.swift */,
				2AD8A7BB27C48DBE008B6426 /* DetailView.swift */,
			);
			path = DetailGif;
			sourceTree = "<group>";
		};
		2A09514F27A42A5D00117527 /* GiphyAPI */ = {
			isa = PBXGroup;
			children = (
				2A09515027A42A8300117527 /* GiphyAPIService.swift */,
				2A09515227A42AD400117527 /* GiphiAPIRepository.swift */,
				2A09515B27A459D900117527 /* FakeGiphiAPIRepository.swift */,
			);
			path = GiphyAPI;
			sourceTree = "<group>";
		};
		2A09515427A4564E00117527 /* GipgySDK */ = {
			isa = PBXGroup;
			children = (
				2A09515527A4566E00117527 /* GiphySDKService.swift */,
				2A09515727A456D100117527 /* GiphySDKRespository.swift */,
				2A09515927A4580000117527 /* FakeGiphySDKRepository.swift */,
			);
			path = GipgySDK;
			sourceTree = "<group>";
		};
		2AA6C45327AF054F00027095 /* CollectionView */ = {
			isa = PBXGroup;
			children = (
				2AA6C45127AEFFBB00027095 /* CollectionView.swift */,
				2AA6C45427AF05B600027095 /* CollectionViewItem.swift */,
				2AA6C45627AF217600027095 /* CollectionViewSection.swift */,
				2AA6C45827AF227700027095 /* CollectionViewSupplementaryItem.swift */,
				2AA6C45A27AF312B00027095 /* CollectionViewDataSource.swift */,
			);
			path = CollectionView;
			sourceTree = "<group>";
		};
		2AA6C45C27AF752200027095 /* Extensions */ = {
			isa = PBXGroup;
			children = (
				2AA6C45D27AF753D00027095 /* Array+Extension.swift */,
				2A0951262795301000117527 /* UIImageView+Extension.swift */,
			);
			path = Extensions;
			sourceTree = "<group>";
		};
		2AA6C45F27B0318600027095 /* GiphyCell */ = {
			isa = PBXGroup;
			children = (
				2A09511E2794D43700117527 /* GiphyViewCell.swift */,
				2AA6C46027B031AB00027095 /* GiphyViewCell+Extension.swift */,
			);
			path = GiphyCell;
			sourceTree = "<group>";
		};
		2AA6C46227B1599000027095 /* SearchCell */ = {
			isa = PBXGroup;
			children = (
				2AA6C46327B15A2200027095 /* SearchViewCell.swift */,
				2AA6C46527B1626E00027095 /* SearchViewCell+Extension.swift */,
			);
			path = SearchCell;
			sourceTree = "<group>";
		};
		2AD8A7B627C18468008B6426 /* Views */ = {
			isa = PBXGroup;
			children = (
				2AA6C45327AF054F00027095 /* CollectionView */,
				2AA6C44D27AE016F00027095 /* ViewController.swift */,
			);
			path = Views;
			sourceTree = "<group>";
		};
/* End PBXGroup section */

/* Begin PBXNativeTarget section */
		2A0950C52793517A00117527 /* DispoAssigment */ = {
			isa = PBXNativeTarget;
			buildConfigurationList = 2A0950F02793517D00117527 /* Build configuration list for PBXNativeTarget "DispoAssigment" */;
			buildPhases = (
				2A0950C22793517A00117527 /* Sources */,
				2A0950C32793517A00117527 /* Frameworks */,
				2A0950C42793517A00117527 /* Resources */,
			);
			buildRules = (
			);
			dependencies = (
			);
			name = DispoAssigment;
			packageProductDependencies = (
				2A09510527936E9400117527 /* SnapKit */,
				2A0951152793ABA800117527 /* Alamofire */,
				2A09512A2795AA2A00117527 /* GiphyUISDK */,
				2A09513B279E0B9200117527 /* ComposableArchitecture */,
			);
			productName = DispoAssigment;
			productReference = 2A0950C62793517B00117527 /* DispoAssigment.app */;
			productType = "com.apple.product-type.application";
		};
		2A0950DB2793517D00117527 /* DispoAssigmentTests */ = {
			isa = PBXNativeTarget;
			buildConfigurationList = 2A0950F32793517D00117527 /* Build configuration list for PBXNativeTarget "DispoAssigmentTests" */;
			buildPhases = (
				2A0950D82793517D00117527 /* Sources */,
				2A0950D92793517D00117527 /* Frameworks */,
				2A0950DA2793517D00117527 /* Resources */,
			);
			buildRules = (
			);
			dependencies = (
				2A0950DE2793517D00117527 /* PBXTargetDependency */,
			);
			name = DispoAssigmentTests;
			productName = DispoAssigmentTests;
			productReference = 2A0950DC2793517D00117527 /* DispoAssigmentTests.xctest */;
			productType = "com.apple.product-type.bundle.unit-test";
		};
		2A0950E52793517D00117527 /* DispoAssigmentUITests */ = {
			isa = PBXNativeTarget;
			buildConfigurationList = 2A0950F62793517D00117527 /* Build configuration list for PBXNativeTarget "DispoAssigmentUITests" */;
			buildPhases = (
				2A0950E22793517D00117527 /* Sources */,
				2A0950E32793517D00117527 /* Frameworks */,
				2A0950E42793517D00117527 /* Resources */,
			);
			buildRules = (
			);
			dependencies = (
				2A0950E82793517D00117527 /* PBXTargetDependency */,
			);
			name = DispoAssigmentUITests;
			productName = DispoAssigmentUITests;
			productReference = 2A0950E62793517D00117527 /* DispoAssigmentUITests.xctest */;
			productType = "com.apple.product-type.bundle.ui-testing";
		};
/* End PBXNativeTarget section */

/* Begin PBXProject section */
		2A0950BE2793517A00117527 /* Project object */ = {
			isa = PBXProject;
			attributes = {
				BuildIndependentTargetsInParallel = 1;
				LastSwiftUpdateCheck = 1320;
				LastUpgradeCheck = 1320;
				TargetAttributes = {
					2A0950C52793517A00117527 = {
						CreatedOnToolsVersion = 13.2.1;
					};
					2A0950DB2793517D00117527 = {
						CreatedOnToolsVersion = 13.2.1;
						TestTargetID = 2A0950C52793517A00117527;
					};
					2A0950E52793517D00117527 = {
						CreatedOnToolsVersion = 13.2.1;
						TestTargetID = 2A0950C52793517A00117527;
					};
				};
			};
			buildConfigurationList = 2A0950C12793517A00117527 /* Build configuration list for PBXProject "DispoAssigment" */;
			compatibilityVersion = "Xcode 13.0";
			developmentRegion = en;
			hasScannedForEncodings = 0;
			knownRegions = (
				en,
				Base,
			);
			mainGroup = 2A0950BD2793517A00117527;
			packageReferences = (
				2A09510427936E9300117527 /* XCRemoteSwiftPackageReference "SnapKit" */,
				2A0951142793ABA800117527 /* XCRemoteSwiftPackageReference "Alamofire" */,
				2A0951292795AA2A00117527 /* XCRemoteSwiftPackageReference "giphy-ios-sdk" */,
				2A09513A279E0B9200117527 /* XCRemoteSwiftPackageReference "swift-composable-architecture" */,
			);
			productRefGroup = 2A0950C72793517B00117527 /* Products */;
			projectDirPath = "";
			projectRoot = "";
			targets = (
				2A0950C52793517A00117527 /* DispoAssigment */,
				2A0950DB2793517D00117527 /* DispoAssigmentTests */,
				2A0950E52793517D00117527 /* DispoAssigmentUITests */,
			);
		};
/* End PBXProject section */

/* Begin PBXResourcesBuildPhase section */
		2A0950C42793517A00117527 /* Resources */ = {
			isa = PBXResourcesBuildPhase;
			buildActionMask = 2147483647;
			files = (
				2A0950D62793517C00117527 /* LaunchScreen.storyboard in Resources */,
				2A0950D32793517C00117527 /* Assets.xcassets in Resources */,
			);
			runOnlyForDeploymentPostprocessing = 0;
		};
		2A0950DA2793517D00117527 /* Resources */ = {
			isa = PBXResourcesBuildPhase;
			buildActionMask = 2147483647;
			files = (
			);
			runOnlyForDeploymentPostprocessing = 0;
		};
		2A0950E42793517D00117527 /* Resources */ = {
			isa = PBXResourcesBuildPhase;
			buildActionMask = 2147483647;
			files = (
			);
			runOnlyForDeploymentPostprocessing = 0;
		};
/* End PBXResourcesBuildPhase section */

/* Begin PBXSourcesBuildPhase section */
		2A0950C22793517A00117527 /* Sources */ = {
			isa = PBXSourcesBuildPhase;
			buildActionMask = 2147483647;
			files = (
				2AD8A7B827C1851D008B6426 /* AppCore+Extension.swift in Sources */,
				2AA6C46427B15A2200027095 /* SearchViewCell.swift in Sources */,
				2A09515A27A4580000117527 /* FakeGiphySDKRepository.swift in Sources */,
				2AA6C45227AEFFBB00027095 /* CollectionView.swift in Sources */,
				2AA6C45E27AF753D00027095 /* Array+Extension.swift in Sources */,
				2A09510B2793744C00117527 /* GiphyRepository.swift in Sources */,
				2AD8A7BA27C185E0008B6426 /* AppViewController.swift in Sources */,
				2A09511D2794C1E900117527 /* FakeGiphyRepository.swift in Sources */,
				2AA6C45727AF217600027095 /* CollectionViewSection.swift in Sources */,
				2A09515827A456D100117527 /* GiphySDKRespository.swift in Sources */,
				2AA6C45927AF227700027095 /* CollectionViewSupplementaryItem.swift in Sources */,
				2A09515127A42A8300117527 /* GiphyAPIService.swift in Sources */,
				2A0951092793741A00117527 /* GiphyService.swift in Sources */,
				2AA6C45B27AF312B00027095 /* CollectionViewDataSource.swift in Sources */,
				2AA6C44E27AE016F00027095 /* ViewController.swift in Sources */,
				2A0950FA27935DFC00117527 /* GifListViewController.swift in Sources */,
				2AA6C45027AE04C200027095 /* GiftsView.swift in Sources */,
				2A09514B279F89BC00117527 /* GifsListCore.swift in Sources */,
				2A09511027937C3000117527 /* Constants.swift in Sources */,
				2A09515327A42AD400117527 /* GiphiAPIRepository.swift in Sources */,
				2A09514E279F8BFB00117527 /* DetailGifFeature.swift in Sources */,
				2A0951272795301000117527 /* UIImageView+Extension.swift in Sources */,
				2AA6C45527AF05B600027095 /* CollectionViewItem.swift in Sources */,
				2A0950CA2793517B00117527 /* AppDelegate.swift in Sources */,
				2A0950CC2793517B00117527 /* SceneDelegate.swift in Sources */,
				2A09510D2793773400117527 /* Data.swift in Sources */,
				2AA6C46627B1626E00027095 /* SearchViewCell+Extension.swift in Sources */,
				2A09515627A4566E00117527 /* GiphySDKService.swift in Sources */,
				2A09511F2794D43700117527 /* GiphyViewCell.swift in Sources */,
				2A09515C27A459D900117527 /* FakeGiphiAPIRepository.swift in Sources */,
				2A0950FF2793673900117527 /* DetailViewController.swift in Sources */,
				2A095148279E75EF00117527 /* AppCore.swift in Sources */,
				2AD8A7BC27C48DBE008B6426 /* DetailView.swift in Sources */,
				2AA6C46127B031AB00027095 /* GiphyViewCell+Extension.swift in Sources */,
			);
			runOnlyForDeploymentPostprocessing = 0;
		};
		2A0950D82793517D00117527 /* Sources */ = {
			isa = PBXSourcesBuildPhase;
			buildActionMask = 2147483647;
			files = (
				2A0950E12793517D00117527 /* DispoAssigmentTests.swift in Sources */,
			);
			runOnlyForDeploymentPostprocessing = 0;
		};
		2A0950E22793517D00117527 /* Sources */ = {
			isa = PBXSourcesBuildPhase;
			buildActionMask = 2147483647;
			files = (
				2A0950ED2793517D00117527 /* DispoAssigmentUITestsLaunchTests.swift in Sources */,
				2A0950EB2793517D00117527 /* DispoAssigmentUITests.swift in Sources */,
			);
			runOnlyForDeploymentPostprocessing = 0;
		};
/* End PBXSourcesBuildPhase section */

/* Begin PBXTargetDependency section */
		2A0950DE2793517D00117527 /* PBXTargetDependency */ = {
			isa = PBXTargetDependency;
			target = 2A0950C52793517A00117527 /* DispoAssigment */;
			targetProxy = 2A0950DD2793517D00117527 /* PBXContainerItemProxy */;
		};
		2A0950E82793517D00117527 /* PBXTargetDependency */ = {
			isa = PBXTargetDependency;
			target = 2A0950C52793517A00117527 /* DispoAssigment */;
			targetProxy = 2A0950E72793517D00117527 /* PBXContainerItemProxy */;
		};
/* End PBXTargetDependency section */

/* Begin PBXVariantGroup section */
		2A0950D42793517C00117527 /* LaunchScreen.storyboard */ = {
			isa = PBXVariantGroup;
			children = (
				2A0950D52793517C00117527 /* Base */,
			);
			name = LaunchScreen.storyboard;
			sourceTree = "<group>";
		};
/* End PBXVariantGroup section */

/* Begin XCBuildConfiguration section */
		2A0950EE2793517D00117527 /* Debug */ = {
			isa = XCBuildConfiguration;
			buildSettings = {
				ALWAYS_SEARCH_USER_PATHS = NO;
				CLANG_ANALYZER_NONNULL = YES;
				CLANG_ANALYZER_NUMBER_OBJECT_CONVERSION = YES_AGGRESSIVE;
				CLANG_CXX_LANGUAGE_STANDARD = "gnu++17";
				CLANG_CXX_LIBRARY = "libc++";
				CLANG_ENABLE_MODULES = YES;
				CLANG_ENABLE_OBJC_ARC = YES;
				CLANG_ENABLE_OBJC_WEAK = YES;
				CLANG_WARN_BLOCK_CAPTURE_AUTORELEASING = YES;
				CLANG_WARN_BOOL_CONVERSION = YES;
				CLANG_WARN_COMMA = YES;
				CLANG_WARN_CONSTANT_CONVERSION = YES;
				CLANG_WARN_DEPRECATED_OBJC_IMPLEMENTATIONS = YES;
				CLANG_WARN_DIRECT_OBJC_ISA_USAGE = YES_ERROR;
				CLANG_WARN_DOCUMENTATION_COMMENTS = YES;
				CLANG_WARN_EMPTY_BODY = YES;
				CLANG_WARN_ENUM_CONVERSION = YES;
				CLANG_WARN_INFINITE_RECURSION = YES;
				CLANG_WARN_INT_CONVERSION = YES;
				CLANG_WARN_NON_LITERAL_NULL_CONVERSION = YES;
				CLANG_WARN_OBJC_IMPLICIT_RETAIN_SELF = YES;
				CLANG_WARN_OBJC_LITERAL_CONVERSION = YES;
				CLANG_WARN_OBJC_ROOT_CLASS = YES_ERROR;
				CLANG_WARN_QUOTED_INCLUDE_IN_FRAMEWORK_HEADER = YES;
				CLANG_WARN_RANGE_LOOP_ANALYSIS = YES;
				CLANG_WARN_STRICT_PROTOTYPES = YES;
				CLANG_WARN_SUSPICIOUS_MOVE = YES;
				CLANG_WARN_UNGUARDED_AVAILABILITY = YES_AGGRESSIVE;
				CLANG_WARN_UNREACHABLE_CODE = YES;
				CLANG_WARN__DUPLICATE_METHOD_MATCH = YES;
				COPY_PHASE_STRIP = NO;
				DEBUG_INFORMATION_FORMAT = dwarf;
				ENABLE_STRICT_OBJC_MSGSEND = YES;
				ENABLE_TESTABILITY = YES;
				GCC_C_LANGUAGE_STANDARD = gnu11;
				GCC_DYNAMIC_NO_PIC = NO;
				GCC_NO_COMMON_BLOCKS = YES;
				GCC_OPTIMIZATION_LEVEL = 0;
				GCC_PREPROCESSOR_DEFINITIONS = (
					"DEBUG=1",
					"$(inherited)",
				);
				GCC_WARN_64_TO_32_BIT_CONVERSION = YES;
				GCC_WARN_ABOUT_RETURN_TYPE = YES_ERROR;
				GCC_WARN_UNDECLARED_SELECTOR = YES;
				GCC_WARN_UNINITIALIZED_AUTOS = YES_AGGRESSIVE;
				GCC_WARN_UNUSED_FUNCTION = YES;
				GCC_WARN_UNUSED_VARIABLE = YES;
				IPHONEOS_DEPLOYMENT_TARGET = 15.2;
				MTL_ENABLE_DEBUG_INFO = INCLUDE_SOURCE;
				MTL_FAST_MATH = YES;
				ONLY_ACTIVE_ARCH = YES;
				SDKROOT = iphoneos;
				SWIFT_ACTIVE_COMPILATION_CONDITIONS = DEBUG;
				SWIFT_OPTIMIZATION_LEVEL = "-Onone";
			};
			name = Debug;
		};
		2A0950EF2793517D00117527 /* Release */ = {
			isa = XCBuildConfiguration;
			buildSettings = {
				ALWAYS_SEARCH_USER_PATHS = NO;
				CLANG_ANALYZER_NONNULL = YES;
				CLANG_ANALYZER_NUMBER_OBJECT_CONVERSION = YES_AGGRESSIVE;
				CLANG_CXX_LANGUAGE_STANDARD = "gnu++17";
				CLANG_CXX_LIBRARY = "libc++";
				CLANG_ENABLE_MODULES = YES;
				CLANG_ENABLE_OBJC_ARC = YES;
				CLANG_ENABLE_OBJC_WEAK = YES;
				CLANG_WARN_BLOCK_CAPTURE_AUTORELEASING = YES;
				CLANG_WARN_BOOL_CONVERSION = YES;
				CLANG_WARN_COMMA = YES;
				CLANG_WARN_CONSTANT_CONVERSION = YES;
				CLANG_WARN_DEPRECATED_OBJC_IMPLEMENTATIONS = YES;
				CLANG_WARN_DIRECT_OBJC_ISA_USAGE = YES_ERROR;
				CLANG_WARN_DOCUMENTATION_COMMENTS = YES;
				CLANG_WARN_EMPTY_BODY = YES;
				CLANG_WARN_ENUM_CONVERSION = YES;
				CLANG_WARN_INFINITE_RECURSION = YES;
				CLANG_WARN_INT_CONVERSION = YES;
				CLANG_WARN_NON_LITERAL_NULL_CONVERSION = YES;
				CLANG_WARN_OBJC_IMPLICIT_RETAIN_SELF = YES;
				CLANG_WARN_OBJC_LITERAL_CONVERSION = YES;
				CLANG_WARN_OBJC_ROOT_CLASS = YES_ERROR;
				CLANG_WARN_QUOTED_INCLUDE_IN_FRAMEWORK_HEADER = YES;
				CLANG_WARN_RANGE_LOOP_ANALYSIS = YES;
				CLANG_WARN_STRICT_PROTOTYPES = YES;
				CLANG_WARN_SUSPICIOUS_MOVE = YES;
				CLANG_WARN_UNGUARDED_AVAILABILITY = YES_AGGRESSIVE;
				CLANG_WARN_UNREACHABLE_CODE = YES;
				CLANG_WARN__DUPLICATE_METHOD_MATCH = YES;
				COPY_PHASE_STRIP = NO;
				DEBUG_INFORMATION_FORMAT = "dwarf-with-dsym";
				ENABLE_NS_ASSERTIONS = NO;
				ENABLE_STRICT_OBJC_MSGSEND = YES;
				GCC_C_LANGUAGE_STANDARD = gnu11;
				GCC_NO_COMMON_BLOCKS = YES;
				GCC_WARN_64_TO_32_BIT_CONVERSION = YES;
				GCC_WARN_ABOUT_RETURN_TYPE = YES_ERROR;
				GCC_WARN_UNDECLARED_SELECTOR = YES;
				GCC_WARN_UNINITIALIZED_AUTOS = YES_AGGRESSIVE;
				GCC_WARN_UNUSED_FUNCTION = YES;
				GCC_WARN_UNUSED_VARIABLE = YES;
				IPHONEOS_DEPLOYMENT_TARGET = 15.2;
				MTL_ENABLE_DEBUG_INFO = NO;
				MTL_FAST_MATH = YES;
				SDKROOT = iphoneos;
				SWIFT_COMPILATION_MODE = wholemodule;
				SWIFT_OPTIMIZATION_LEVEL = "-O";
				VALIDATE_PRODUCT = YES;
			};
			name = Release;
		};
		2A0950F12793517D00117527 /* Debug */ = {
			isa = XCBuildConfiguration;
			buildSettings = {
				ASSETCATALOG_COMPILER_APPICON_NAME = AppIcon;
				ASSETCATALOG_COMPILER_GLOBAL_ACCENT_COLOR_NAME = AccentColor;
				CODE_SIGN_STYLE = Automatic;
				CURRENT_PROJECT_VERSION = 1;
				DEVELOPMENT_TEAM = W8HX5M6262;
				GENERATE_INFOPLIST_FILE = YES;
				INFOPLIST_FILE = DispoAssigment/Info.plist;
				INFOPLIST_KEY_UIApplicationSupportsIndirectInputEvents = YES;
				INFOPLIST_KEY_UILaunchStoryboardName = LaunchScreen;
				INFOPLIST_KEY_UISupportedInterfaceOrientations_iPad = "UIInterfaceOrientationPortrait UIInterfaceOrientationPortraitUpsideDown UIInterfaceOrientationLandscapeLeft UIInterfaceOrientationLandscapeRight";
				INFOPLIST_KEY_UISupportedInterfaceOrientations_iPhone = "UIInterfaceOrientationPortrait UIInterfaceOrientationLandscapeLeft UIInterfaceOrientationLandscapeRight";
				LD_RUNPATH_SEARCH_PATHS = (
					"$(inherited)",
					"@executable_path/Frameworks",
				);
				MARKETING_VERSION = 1.0;
				PRODUCT_BUNDLE_IDENTIFIER = jcombariza.DispoAssigment;
				PRODUCT_NAME = "$(TARGET_NAME)";
				SWIFT_EMIT_LOC_STRINGS = YES;
				SWIFT_VERSION = 5.0;
				TARGETED_DEVICE_FAMILY = "1,2";
			};
			name = Debug;
		};
		2A0950F22793517D00117527 /* Release */ = {
			isa = XCBuildConfiguration;
			buildSettings = {
				ASSETCATALOG_COMPILER_APPICON_NAME = AppIcon;
				ASSETCATALOG_COMPILER_GLOBAL_ACCENT_COLOR_NAME = AccentColor;
				CODE_SIGN_STYLE = Automatic;
				CURRENT_PROJECT_VERSION = 1;
				DEVELOPMENT_TEAM = W8HX5M6262;
				GENERATE_INFOPLIST_FILE = YES;
				INFOPLIST_FILE = DispoAssigment/Info.plist;
				INFOPLIST_KEY_UIApplicationSupportsIndirectInputEvents = YES;
				INFOPLIST_KEY_UILaunchStoryboardName = LaunchScreen;
				INFOPLIST_KEY_UISupportedInterfaceOrientations_iPad = "UIInterfaceOrientationPortrait UIInterfaceOrientationPortraitUpsideDown UIInterfaceOrientationLandscapeLeft UIInterfaceOrientationLandscapeRight";
				INFOPLIST_KEY_UISupportedInterfaceOrientations_iPhone = "UIInterfaceOrientationPortrait UIInterfaceOrientationLandscapeLeft UIInterfaceOrientationLandscapeRight";
				LD_RUNPATH_SEARCH_PATHS = (
					"$(inherited)",
					"@executable_path/Frameworks",
				);
				MARKETING_VERSION = 1.0;
				PRODUCT_BUNDLE_IDENTIFIER = jcombariza.DispoAssigment;
				PRODUCT_NAME = "$(TARGET_NAME)";
				SWIFT_EMIT_LOC_STRINGS = YES;
				SWIFT_VERSION = 5.0;
				TARGETED_DEVICE_FAMILY = "1,2";
			};
			name = Release;
		};
		2A0950F42793517D00117527 /* Debug */ = {
			isa = XCBuildConfiguration;
			buildSettings = {
				ALWAYS_EMBED_SWIFT_STANDARD_LIBRARIES = YES;
				BUNDLE_LOADER = "$(TEST_HOST)";
				CODE_SIGN_STYLE = Automatic;
				CURRENT_PROJECT_VERSION = 1;
				DEVELOPMENT_TEAM = W8HX5M6262;
				GENERATE_INFOPLIST_FILE = YES;
				IPHONEOS_DEPLOYMENT_TARGET = 15.2;
				MARKETING_VERSION = 1.0;
				PRODUCT_BUNDLE_IDENTIFIER = jcombariza.DispoAssigmentTests;
				PRODUCT_NAME = "$(TARGET_NAME)";
				SWIFT_EMIT_LOC_STRINGS = NO;
				SWIFT_VERSION = 5.0;
				TARGETED_DEVICE_FAMILY = "1,2";
				TEST_HOST = "$(BUILT_PRODUCTS_DIR)/DispoAssigment.app/DispoAssigment";
			};
			name = Debug;
		};
		2A0950F52793517D00117527 /* Release */ = {
			isa = XCBuildConfiguration;
			buildSettings = {
				ALWAYS_EMBED_SWIFT_STANDARD_LIBRARIES = YES;
				BUNDLE_LOADER = "$(TEST_HOST)";
				CODE_SIGN_STYLE = Automatic;
				CURRENT_PROJECT_VERSION = 1;
				DEVELOPMENT_TEAM = W8HX5M6262;
				GENERATE_INFOPLIST_FILE = YES;
				IPHONEOS_DEPLOYMENT_TARGET = 15.2;
				MARKETING_VERSION = 1.0;
				PRODUCT_BUNDLE_IDENTIFIER = jcombariza.DispoAssigmentTests;
				PRODUCT_NAME = "$(TARGET_NAME)";
				SWIFT_EMIT_LOC_STRINGS = NO;
				SWIFT_VERSION = 5.0;
				TARGETED_DEVICE_FAMILY = "1,2";
				TEST_HOST = "$(BUILT_PRODUCTS_DIR)/DispoAssigment.app/DispoAssigment";
			};
			name = Release;
		};
		2A0950F72793517D00117527 /* Debug */ = {
			isa = XCBuildConfiguration;
			buildSettings = {
				ALWAYS_EMBED_SWIFT_STANDARD_LIBRARIES = YES;
				CODE_SIGN_STYLE = Automatic;
				CURRENT_PROJECT_VERSION = 1;
				DEVELOPMENT_TEAM = W8HX5M6262;
				GENERATE_INFOPLIST_FILE = YES;
				MARKETING_VERSION = 1.0;
				PRODUCT_BUNDLE_IDENTIFIER = jcombariza.DispoAssigmentUITests;
				PRODUCT_NAME = "$(TARGET_NAME)";
				SWIFT_EMIT_LOC_STRINGS = NO;
				SWIFT_VERSION = 5.0;
				TARGETED_DEVICE_FAMILY = "1,2";
				TEST_TARGET_NAME = DispoAssigment;
			};
			name = Debug;
		};
		2A0950F82793517D00117527 /* Release */ = {
			isa = XCBuildConfiguration;
			buildSettings = {
				ALWAYS_EMBED_SWIFT_STANDARD_LIBRARIES = YES;
				CODE_SIGN_STYLE = Automatic;
				CURRENT_PROJECT_VERSION = 1;
				DEVELOPMENT_TEAM = W8HX5M6262;
				GENERATE_INFOPLIST_FILE = YES;
				MARKETING_VERSION = 1.0;
				PRODUCT_BUNDLE_IDENTIFIER = jcombariza.DispoAssigmentUITests;
				PRODUCT_NAME = "$(TARGET_NAME)";
				SWIFT_EMIT_LOC_STRINGS = NO;
				SWIFT_VERSION = 5.0;
				TARGETED_DEVICE_FAMILY = "1,2";
				TEST_TARGET_NAME = DispoAssigment;
			};
			name = Release;
		};
/* End XCBuildConfiguration section */

/* Begin XCConfigurationList section */
		2A0950C12793517A00117527 /* Build configuration list for PBXProject "DispoAssigment" */ = {
			isa = XCConfigurationList;
			buildConfigurations = (
				2A0950EE2793517D00117527 /* Debug */,
				2A0950EF2793517D00117527 /* Release */,
			);
			defaultConfigurationIsVisible = 0;
			defaultConfigurationName = Release;
		};
		2A0950F02793517D00117527 /* Build configuration list for PBXNativeTarget "DispoAssigment" */ = {
			isa = XCConfigurationList;
			buildConfigurations = (
				2A0950F12793517D00117527 /* Debug */,
				2A0950F22793517D00117527 /* Release */,
			);
			defaultConfigurationIsVisible = 0;
			defaultConfigurationName = Release;
		};
		2A0950F32793517D00117527 /* Build configuration list for PBXNativeTarget "DispoAssigmentTests" */ = {
			isa = XCConfigurationList;
			buildConfigurations = (
				2A0950F42793517D00117527 /* Debug */,
				2A0950F52793517D00117527 /* Release */,
			);
			defaultConfigurationIsVisible = 0;
			defaultConfigurationName = Release;
		};
		2A0950F62793517D00117527 /* Build configuration list for PBXNativeTarget "DispoAssigmentUITests" */ = {
			isa = XCConfigurationList;
			buildConfigurations = (
				2A0950F72793517D00117527 /* Debug */,
				2A0950F82793517D00117527 /* Release */,
			);
			defaultConfigurationIsVisible = 0;
			defaultConfigurationName = Release;
		};
/* End XCConfigurationList section */

/* Begin XCRemoteSwiftPackageReference section */
		2A09510427936E9300117527 /* XCRemoteSwiftPackageReference "SnapKit" */ = {
			isa = XCRemoteSwiftPackageReference;
			repositoryURL = "https://github.com/SnapKit/SnapKit.git";
			requirement = {
				kind = upToNextMajorVersion;
				minimumVersion = 5.0.0;
			};
		};
		2A0951142793ABA800117527 /* XCRemoteSwiftPackageReference "Alamofire" */ = {
			isa = XCRemoteSwiftPackageReference;
			repositoryURL = "https://github.com/Alamofire/Alamofire.git";
			requirement = {
				kind = upToNextMajorVersion;
				minimumVersion = 5.0.0;
			};
		};
		2A0951292795AA2A00117527 /* XCRemoteSwiftPackageReference "giphy-ios-sdk" */ = {
			isa = XCRemoteSwiftPackageReference;
			repositoryURL = "https://github.com/Giphy/giphy-ios-sdk";
			requirement = {
				kind = upToNextMajorVersion;
				minimumVersion = 2.1.3;
			};
		};
		2A09513A279E0B9200117527 /* XCRemoteSwiftPackageReference "swift-composable-architecture" */ = {
			isa = XCRemoteSwiftPackageReference;
			repositoryURL = "https://github.com/pointfreeco/swift-composable-architecture";
			requirement = {
				kind = upToNextMajorVersion;
				minimumVersion = 0.9.0;
			};
		};
/* End XCRemoteSwiftPackageReference section */

/* Begin XCSwiftPackageProductDependency section */
		2A09510527936E9400117527 /* SnapKit */ = {
			isa = XCSwiftPackageProductDependency;
			package = 2A09510427936E9300117527 /* XCRemoteSwiftPackageReference "SnapKit" */;
			productName = SnapKit;
		};
		2A0951152793ABA800117527 /* Alamofire */ = {
			isa = XCSwiftPackageProductDependency;
			package = 2A0951142793ABA800117527 /* XCRemoteSwiftPackageReference "Alamofire" */;
			productName = Alamofire;
		};
		2A09512A2795AA2A00117527 /* GiphyUISDK */ = {
			isa = XCSwiftPackageProductDependency;
			package = 2A0951292795AA2A00117527 /* XCRemoteSwiftPackageReference "giphy-ios-sdk" */;
			productName = GiphyUISDK;
		};
		2A09513B279E0B9200117527 /* ComposableArchitecture */ = {
			isa = XCSwiftPackageProductDependency;
			package = 2A09513A279E0B9200117527 /* XCRemoteSwiftPackageReference "swift-composable-architecture" */;
			productName = ComposableArchitecture;
		};
/* End XCSwiftPackageProductDependency section */
	};
	rootObject = 2A0950BE2793517A00117527 /* Project object */;
}
